
Microsoft Visual Studio Solution File, Format Version 12.00
# Visual Studio 2015
Project("{FAE04EC0-301F-11D3-BF4B-00C04F79EFBC}") = "Tank2D.CSharp", "Tank2D.CSharp.csproj", "{27DACFF1-9296-EB9B-9B83-636D752275D3}"
EndProject
Global
	GlobalSection(SolutionConfigurationPlatforms) = preSolution
		Debug|Any CPU = Debug|Any CPU
		Release|Any CPU = Release|Any CPU
	EndGlobalSection
	GlobalSection(ProjectConfigurationPlatforms) = postSolution
		{27DACFF1-9296-EB9B-9B83-636D752275D3}.Debug|Any CPU.ActiveCfg = Debug|Any CPU
		{27DACFF1-9296-EB9B-9B83-636D752275D3}.Debug|Any CPU.Build.0 = Debug|Any CPU
		{27DACFF1-9296-EB9B-9B83-636D752275D3}.Release|Any CPU.ActiveCfg = Release|Any CPU
		{27DACFF1-9296-EB9B-9B83-636D752275D3}.Release|Any CPU.Build.0 = Release|Any CPU
	EndGlobalSection
	GlobalSection(SolutionProperties) = preSolution
		HideSolutionNode = FALSE
	EndGlobalSection
EndGlobal
